
Microsoft Visual Studio Solution File, Format Version 12.00
# Visual Studio Version 17
VisualStudioVersion = 17.2.32616.157
MinimumVisualStudioVersion = 10.0.40219.1
Project("{FAE04EC0-301F-11D3-BF4B-00C04F79EFBC}") = "TestConsoleApp", "TestConsoleApp\TestConsoleApp.csproj", "{45A8521E-7A44-4464-843C-47435DA32F1C}"
EndProject
Project("{FAE04EC0-301F-11D3-BF4B-00C04F79EFBC}") = "TestLibrary", "TestLibrary\TestLibrary.csproj", "{7B4DB2FC-441E-4B0A-ABB5-EFB2A36ECFD7}"
EndProject
Global
	GlobalSection(SolutionConfigurationPlatforms) = preSolution
		Debug|Any CPU = Debug|Any CPU
		Release|Any CPU = Release|Any CPU
	EndGlobalSection
	GlobalSection(ProjectConfigurationPlatforms) = postSolution
		{45A8521E-7A44-4464-843C-47435DA32F1C}.Debug|Any CPU.ActiveCfg = Debug|Any CPU
		{45A8521E-7A44-4464-843C-47435DA32F1C}.Debug|Any CPU.Build.0 = Debug|Any CPU
		{45A8521E-7A44-4464-843C-47435DA32F1C}.Release|Any CPU.ActiveCfg = Release|Any CPU
		{45A8521E-7A44-4464-843C-47435DA32F1C}.Release|Any CPU.Build.0 = Release|Any CPU
		{7B4DB2FC-441E-4B0A-ABB5-EFB2A36ECFD7}.Debug|Any CPU.ActiveCfg = Debug|Any CPU
		{7B4DB2FC-441E-4B0A-ABB5-EFB2A36ECFD7}.Debug|Any CPU.Build.0 = Debug|Any CPU
		{7B4DB2FC-441E-4B0A-ABB5-EFB2A36ECFD7}.Release|Any CPU.ActiveCfg = Release|Any CPU
		{7B4DB2FC-441E-4B0A-ABB5-EFB2A36ECFD7}.Release|Any CPU.Build.0 = Release|Any CPU
	EndGlobalSection
	GlobalSection(SolutionProperties) = preSolution
		HideSolutionNode = FALSE
	EndGlobalSection
	GlobalSection(ExtensibilityGlobals) = postSolution
		SolutionGuid = {3D3FD01D-33E8-4B76-9937-B915CD9E2F3C}
	EndGlobalSection
EndGlobal
